
Microsoft Visual Studio Solution File, Format Version 12.00
# Visual Studio 15
Project("{FAE04EC0-301F-11D3-BF4B-00C04F79EFBC}") = "Irancel_Piano", "Assembly-CSharp-firstpass.csproj", "{175FCD73-5924-4610-49F5-761E00C6065E}"
EndProject
Project("{FAE04EC0-301F-11D3-BF4B-00C04F79EFBC}") = "Irancel_Piano", "Assembly-CSharp.csproj", "{6DC9B68B-C93B-C1A1-60B7-35383AD017DF}"
EndProject
Global
	GlobalSection(SolutionConfigurationPlatforms) = preSolution
		Debug|Any CPU = Debug|Any CPU
		Release|Any CPU = Release|Any CPU
	EndGlobalSection
	GlobalSection(ProjectConfigurationPlatforms) = postSolution
		{175FCD73-5924-4610-49F5-761E00C6065E}.Debug|Any CPU.ActiveCfg = Debug|Any CPU
		{175FCD73-5924-4610-49F5-761E00C6065E}.Debug|Any CPU.Build.0 = Debug|Any CPU
		{175FCD73-5924-4610-49F5-761E00C6065E}.Release|Any CPU.ActiveCfg = Release|Any CPU
		{175FCD73-5924-4610-49F5-761E00C6065E}.Release|Any CPU.Build.0 = Release|Any CPU
		{6DC9B68B-C93B-C1A1-60B7-35383AD017DF}.Debug|Any CPU.ActiveCfg = Debug|Any CPU
		{6DC9B68B-C93B-C1A1-60B7-35383AD017DF}.Debug|Any CPU.Build.0 = Debug|Any CPU
		{6DC9B68B-C93B-C1A1-60B7-35383AD017DF}.Release|Any CPU.ActiveCfg = Release|Any CPU
		{6DC9B68B-C93B-C1A1-60B7-35383AD017DF}.Release|Any CPU.Build.0 = Release|Any CPU
	EndGlobalSection
	GlobalSection(SolutionProperties) = preSolution
		HideSolutionNode = FALSE
	EndGlobalSection
EndGlobal
